
Microsoft Visual Studio Solution File, Format Version 12.00
# Visual Studio Version 17
VisualStudioVersion = 17.9.34728.123
MinimumVisualStudioVersion = 10.0.40219.1
Project("{FAE04EC0-301F-11D3-BF4B-00C04F79EFBC}") = "5.07", "5.07\5.07.csproj", "{F867739C-530D-4CF5-A009-A9A5BBA24154}"
EndProject
Global
	GlobalSection(SolutionConfigurationPlatforms) = preSolution
		Debug|Any CPU = Debug|Any CPU
		Release|Any CPU = Release|Any CPU
	EndGlobalSection
	GlobalSection(ProjectConfigurationPlatforms) = postSolution
		{F867739C-530D-4CF5-A009-A9A5BBA24154}.Debug|Any CPU.ActiveCfg = Debug|Any CPU
		{F867739C-530D-4CF5-A009-A9A5BBA24154}.Debug|Any CPU.Build.0 = Debug|Any CPU
		{F867739C-530D-4CF5-A009-A9A5BBA24154}.Release|Any CPU.ActiveCfg = Release|Any CPU
		{F867739C-530D-4CF5-A009-A9A5BBA24154}.Release|Any CPU.Build.0 = Release|Any CPU
	EndGlobalSection
	GlobalSection(SolutionProperties) = preSolution
		HideSolutionNode = FALSE
	EndGlobalSection
	GlobalSection(ExtensibilityGlobals) = postSolution
		SolutionGuid = {582CE8FF-00F8-4A02-8631-E27F30EFA0BE}
	EndGlobalSection
EndGlobal
